
Microsoft Visual Studio Solution File, Format Version 12.00
# Visual Studio Version 17
VisualStudioVersion = 17.1.32421.90
MinimumVisualStudioVersion = 10.0.40219.1
Project("{9A19103F-16F7-4668-BE54-9A1E7A4F7556}") = "Cephei.Objects", "Cephei.Objects\Cephei.Objects.csproj", "{C9517C4A-258A-40CE-BA1C-27EDC04ED78D}"
EndProject
Project("{2150E333-8FDC-42A3-9474-1A3956D46DE8}") = "Objects", "Objects", "{6C8A82FC-1266-42EF-AA8B-4AEF0021A336}"
EndProject
Project("{9A19103F-16F7-4668-BE54-9A1E7A4F7556}") = "Cephei.Testing", "Cephei.Testing\Cephei.Testing.csproj", "{72A4AF37-2500-4D56-8B51-B8CECBB91784}"
EndProject
Project("{2150E333-8FDC-42A3-9474-1A3956D46DE8}") = "Tools", "Tools", "{8D3EDE9B-A269-4839-A427-15FCE90A782A}"
EndProject
Project("{9A19103F-16F7-4668-BE54-9A1E7A4F7556}") = "Cephei.Tools", "Cephei.Tools\Cephei.Tools.csproj", "{2D0E3EB4-E838-4479-BD06-2F1DE5F3CDCC}"
EndProject
Project("{9A19103F-16F7-4668-BE54-9A1E7A4F7556}") = "Cephei.Collections", "Cephei.Collections\Cephei.Collections.csproj", "{983738CD-DDC5-463C-AE15-15D6292C3EFA}"
EndProject
Project("{9A19103F-16F7-4668-BE54-9A1E7A4F7556}") = "Cephei.Valuables", "Cephei.Valuables\Cephei.Valuables.csproj", "{40647E28-1F88-4CB0-ACEC-15490F462023}"
EndProject
Project("{2150E333-8FDC-42A3-9474-1A3956D46DE8}") = "Valuables", "Valuables", "{873944DF-FB69-4356-B7F3-73C84C79EADB}"
EndProject
Project("{9A19103F-16F7-4668-BE54-9A1E7A4F7556}") = "Cephei.Benchmarking", "Cephei.Benchmarking\Cephei.Benchmarking.csproj", "{77C8364B-E0F4-4EBF-8160-14036B5751F4}"
EndProject
Project("{2150E333-8FDC-42A3-9474-1A3956D46DE8}") = "Benchmarking", "Benchmarking", "{4A0CC1C4-AE77-4C7B-85A4-4E32880C916C}"
EndProject
Project("{2150E333-8FDC-42A3-9474-1A3956D46DE8}") = "Files", "Files", "{43DD8C98-73B6-46B7-ACB5-63F649516580}"
EndProject
Project("{9A19103F-16F7-4668-BE54-9A1E7A4F7556}") = "Cephei.Files", "Cephei.Files\Cephei.Files.csproj", "{DF8F6770-80E1-42D0-B7FB-62EEA9BAC9CA}"
EndProject
Project("{9A19103F-16F7-4668-BE54-9A1E7A4F7556}") = "Cephei.Files.INI", "Cephei.Files.INI\Cephei.Files.INI.csproj", "{DCB36343-6251-475A-A737-1F14836C1B9E}"
EndProject
Project("{9A19103F-16F7-4668-BE54-9A1E7A4F7556}") = "Cephei.Streams", "Cephei.Streams\Cephei.Streams.csproj", "{17F82A59-8221-4F18-A9E8-315EA8D915FA}"
EndProject
Project("{9A19103F-16F7-4668-BE54-9A1E7A4F7556}") = "Cephei.Numericals", "Cephei.Numericals\Cephei.Numericals.csproj", "{E7089B71-F753-49EC-849F-EE255232D2AB}"
EndProject
Project("{2150E333-8FDC-42A3-9474-1A3956D46DE8}") = "Collections", "Collections", "{3807C354-E779-49D5-811A-F17F821E5A2A}"
EndProject
Project("{2150E333-8FDC-42A3-9474-1A3956D46DE8}") = "Numericals", "Numericals", "{124EB69C-C707-4106-A971-AE58C37284AD}"
EndProject
Project("{2150E333-8FDC-42A3-9474-1A3956D46DE8}") = "Streams", "Streams", "{BDDA8A6C-530F-43FE-9BC6-EF28C3B3351E}"
EndProject
Project("{9A19103F-16F7-4668-BE54-9A1E7A4F7556}") = "Cephei.Files.DA", "Cephei.Files.DA\Cephei.Files.DA.csproj", "{EF6FAC34-592D-45F1-A5B2-F343F01E230A}"
EndProject
Project("{2150E333-8FDC-42A3-9474-1A3956D46DE8}") = "Commands", "Commands", "{FB23448D-5F0A-488F-8344-EFFAC27987EF}"
EndProject
Project("{9A19103F-16F7-4668-BE54-9A1E7A4F7556}") = "Cephei.Commands", "Cephei.Commands\Cephei.Commands.csproj", "{A70C8536-B803-43F1-8B73-2BFA193A3C58}"
EndProject
Project("{9A19103F-16F7-4668-BE54-9A1E7A4F7556}") = "Cephei.Commands.Consoles", "Cephei.Commands.Consoles\Cephei.Commands.Consoles.csproj", "{66656997-5F50-490E-9C8B-838E0B5A9B3F}"
EndProject
Project("{2150E333-8FDC-42A3-9474-1A3956D46DE8}") = "Assembly", "Assembly", "{12D64DBE-7311-441F-A68F-D2D8D00A0875}"
EndProject
Project("{9A19103F-16F7-4668-BE54-9A1E7A4F7556}") = "Cephei.Assemblies", "Cephei.Assemblies\Cephei.Assemblies.csproj", "{ADB30A7A-B21E-4BDB-A1C3-B1E1101CD8E3}"
EndProject
Project("{9A19103F-16F7-4668-BE54-9A1E7A4F7556}") = "Cephei.Objects.Managed", "Cephei.Objects.Managed\Cephei.Objects.Managed.csproj", "{87A88234-2A16-4CAA-8EBD-39C63B3197E5}"
EndProject
Project("{9A19103F-16F7-4668-BE54-9A1E7A4F7556}") = "Cephei.Objects.Effects", "Cephei.Objects.Effects\Cephei.Objects.Effects.csproj", "{1AF58395-DF62-40D9-ABAC-4AA8FF7C794D}"
EndProject
Project("{9A19103F-16F7-4668-BE54-9A1E7A4F7556}") = "Cephei.Objects.Stats", "Cephei.Objects.Stats\Cephei.Objects.Stats.csproj", "{CDF27E30-3157-4B74-8CCB-9733385E0F95}"
EndProject
Project("{2150E333-8FDC-42A3-9474-1A3956D46DE8}") = "Networking", "Networking", "{C2E2C345-92B8-4370-BF1B-F22E0E0B864C}"
EndProject
Project("{9A19103F-16F7-4668-BE54-9A1E7A4F7556}") = "Cephei.Networking", "Cephei.Networking\Cephei.Networking.csproj", "{D80BAF40-F240-4BE1-8D72-50B633BE6CF6}"
EndProject
Project("{2150E333-8FDC-42A3-9474-1A3956D46DE8}") = "Logging", "Logging", "{1EC95C36-F3BD-46F5-AE6C-A5B85B949038}"
EndProject
Project("{9A19103F-16F7-4668-BE54-9A1E7A4F7556}") = "Cephei.Logging", "Cephei.Logging\Cephei.Logging.csproj", "{2AD31E2E-6BE3-470B-852F-B84E9BEBBC3E}"
EndProject
Project("{9A19103F-16F7-4668-BE54-9A1E7A4F7556}") = "Cephei.Data.DBDictionaries", "Cephei.Data.DBDictionaries\Cephei.Data.DBDictionaries.csproj", "{4B397E50-8840-43DA-B911-8575B1C5482D}"
EndProject
Project("{2150E333-8FDC-42A3-9474-1A3956D46DE8}") = "Strings", "Strings", "{14F0D667-AEF5-46D9-96F7-865006802C33}"
EndProject
Project("{9A19103F-16F7-4668-BE54-9A1E7A4F7556}") = "Cephei.Strings", "Cephei.Strings\Cephei.Strings.csproj", "{2B419A2B-34BE-4575-A41A-950AA466EF58}"
EndProject
Project("{9A19103F-16F7-4668-BE54-9A1E7A4F7556}") = "Cephei.Networking.Servers", "Cephei.Networking.Servers\Cephei.Networking.Servers.csproj", "{B0AFF893-3EF0-4870-B6E3-2B6CB0CD65E0}"
EndProject
Project("{2150E333-8FDC-42A3-9474-1A3956D46DE8}") = "Threading", "Threading", "{CDA3396D-28FB-4377-99E3-39E079BB987A}"
EndProject
Project("{9A19103F-16F7-4668-BE54-9A1E7A4F7556}") = "Cephei.Threading", "Cephei.Threading\Cephei.Threading.csproj", "{D89F538A-1E7B-4FFA-8BFA-43C686A69EAE}"
EndProject
Project("{2150E333-8FDC-42A3-9474-1A3956D46DE8}") = "Data", "Data", "{4B3D6B18-2C07-4CBA-B1A6-BEEB34983125}"
EndProject
Project("{FAE04EC0-301F-11D3-BF4B-00C04F79EFBC}") = "Cephei.Data", "Cephei.Data\Cephei.Data.csproj", "{55B7FEEA-034C-4312-8E08-17ECEDE508DD}"
EndProject
Global
	GlobalSection(SolutionConfigurationPlatforms) = preSolution
		Debug|Any CPU = Debug|Any CPU
		Release|Any CPU = Release|Any CPU
	EndGlobalSection
	GlobalSection(ProjectConfigurationPlatforms) = postSolution
		{C9517C4A-258A-40CE-BA1C-27EDC04ED78D}.Debug|Any CPU.ActiveCfg = Debug|Any CPU
		{C9517C4A-258A-40CE-BA1C-27EDC04ED78D}.Debug|Any CPU.Build.0 = Debug|Any CPU
		{C9517C4A-258A-40CE-BA1C-27EDC04ED78D}.Release|Any CPU.ActiveCfg = Release|Any CPU
		{C9517C4A-258A-40CE-BA1C-27EDC04ED78D}.Release|Any CPU.Build.0 = Release|Any CPU
		{72A4AF37-2500-4D56-8B51-B8CECBB91784}.Debug|Any CPU.ActiveCfg = Debug|Any CPU
		{72A4AF37-2500-4D56-8B51-B8CECBB91784}.Debug|Any CPU.Build.0 = Debug|Any CPU
		{72A4AF37-2500-4D56-8B51-B8CECBB91784}.Release|Any CPU.ActiveCfg = Release|Any CPU
		{72A4AF37-2500-4D56-8B51-B8CECBB91784}.Release|Any CPU.Build.0 = Release|Any CPU
		{2D0E3EB4-E838-4479-BD06-2F1DE5F3CDCC}.Debug|Any CPU.ActiveCfg = Debug|Any CPU
		{2D0E3EB4-E838-4479-BD06-2F1DE5F3CDCC}.Debug|Any CPU.Build.0 = Debug|Any CPU
		{2D0E3EB4-E838-4479-BD06-2F1DE5F3CDCC}.Release|Any CPU.ActiveCfg = Release|Any CPU
		{2D0E3EB4-E838-4479-BD06-2F1DE5F3CDCC}.Release|Any CPU.Build.0 = Release|Any CPU
		{983738CD-DDC5-463C-AE15-15D6292C3EFA}.Debug|Any CPU.ActiveCfg = Debug|Any CPU
		{983738CD-DDC5-463C-AE15-15D6292C3EFA}.Debug|Any CPU.Build.0 = Debug|Any CPU
		{983738CD-DDC5-463C-AE15-15D6292C3EFA}.Release|Any CPU.ActiveCfg = Release|Any CPU
		{983738CD-DDC5-463C-AE15-15D6292C3EFA}.Release|Any CPU.Build.0 = Release|Any CPU
		{40647E28-1F88-4CB0-ACEC-15490F462023}.Debug|Any CPU.ActiveCfg = Debug|Any CPU
		{40647E28-1F88-4CB0-ACEC-15490F462023}.Debug|Any CPU.Build.0 = Debug|Any CPU
		{40647E28-1F88-4CB0-ACEC-15490F462023}.Release|Any CPU.ActiveCfg = Release|Any CPU
		{40647E28-1F88-4CB0-ACEC-15490F462023}.Release|Any CPU.Build.0 = Release|Any CPU
		{77C8364B-E0F4-4EBF-8160-14036B5751F4}.Debug|Any CPU.ActiveCfg = Debug|Any CPU
		{77C8364B-E0F4-4EBF-8160-14036B5751F4}.Debug|Any CPU.Build.0 = Debug|Any CPU
		{77C8364B-E0F4-4EBF-8160-14036B5751F4}.Release|Any CPU.ActiveCfg = Release|Any CPU
		{77C8364B-E0F4-4EBF-8160-14036B5751F4}.Release|Any CPU.Build.0 = Release|Any CPU
		{DF8F6770-80E1-42D0-B7FB-62EEA9BAC9CA}.Debug|Any CPU.ActiveCfg = Debug|Any CPU
		{DF8F6770-80E1-42D0-B7FB-62EEA9BAC9CA}.Debug|Any CPU.Build.0 = Debug|Any CPU
		{DF8F6770-80E1-42D0-B7FB-62EEA9BAC9CA}.Release|Any CPU.ActiveCfg = Release|Any CPU
		{DF8F6770-80E1-42D0-B7FB-62EEA9BAC9CA}.Release|Any CPU.Build.0 = Release|Any CPU
		{DCB36343-6251-475A-A737-1F14836C1B9E}.Debug|Any CPU.ActiveCfg = Debug|Any CPU
		{DCB36343-6251-475A-A737-1F14836C1B9E}.Debug|Any CPU.Build.0 = Debug|Any CPU
		{DCB36343-6251-475A-A737-1F14836C1B9E}.Release|Any CPU.ActiveCfg = Release|Any CPU
		{DCB36343-6251-475A-A737-1F14836C1B9E}.Release|Any CPU.Build.0 = Release|Any CPU
		{17F82A59-8221-4F18-A9E8-315EA8D915FA}.Debug|Any CPU.ActiveCfg = Debug|Any CPU
		{17F82A59-8221-4F18-A9E8-315EA8D915FA}.Debug|Any CPU.Build.0 = Debug|Any CPU
		{17F82A59-8221-4F18-A9E8-315EA8D915FA}.Release|Any CPU.ActiveCfg = Release|Any CPU
		{17F82A59-8221-4F18-A9E8-315EA8D915FA}.Release|Any CPU.Build.0 = Release|Any CPU
		{E7089B71-F753-49EC-849F-EE255232D2AB}.Debug|Any CPU.ActiveCfg = Debug|Any CPU
		{E7089B71-F753-49EC-849F-EE255232D2AB}.Debug|Any CPU.Build.0 = Debug|Any CPU
		{E7089B71-F753-49EC-849F-EE255232D2AB}.Release|Any CPU.ActiveCfg = Release|Any CPU
		{E7089B71-F753-49EC-849F-EE255232D2AB}.Release|Any CPU.Build.0 = Release|Any CPU
		{EF6FAC34-592D-45F1-A5B2-F343F01E230A}.Debug|Any CPU.ActiveCfg = Debug|Any CPU
		{EF6FAC34-592D-45F1-A5B2-F343F01E230A}.Debug|Any CPU.Build.0 = Debug|Any CPU
		{EF6FAC34-592D-45F1-A5B2-F343F01E230A}.Release|Any CPU.ActiveCfg = Release|Any CPU
		{EF6FAC34-592D-45F1-A5B2-F343F01E230A}.Release|Any CPU.Build.0 = Release|Any CPU
		{A70C8536-B803-43F1-8B73-2BFA193A3C58}.Debug|Any CPU.ActiveCfg = Debug|Any CPU
		{A70C8536-B803-43F1-8B73-2BFA193A3C58}.Debug|Any CPU.Build.0 = Debug|Any CPU
		{A70C8536-B803-43F1-8B73-2BFA193A3C58}.Release|Any CPU.ActiveCfg = Release|Any CPU
		{A70C8536-B803-43F1-8B73-2BFA193A3C58}.Release|Any CPU.Build.0 = Release|Any CPU
		{66656997-5F50-490E-9C8B-838E0B5A9B3F}.Debug|Any CPU.ActiveCfg = Debug|Any CPU
		{66656997-5F50-490E-9C8B-838E0B5A9B3F}.Debug|Any CPU.Build.0 = Debug|Any CPU
		{66656997-5F50-490E-9C8B-838E0B5A9B3F}.Release|Any CPU.ActiveCfg = Release|Any CPU
		{66656997-5F50-490E-9C8B-838E0B5A9B3F}.Release|Any CPU.Build.0 = Release|Any CPU
		{ADB30A7A-B21E-4BDB-A1C3-B1E1101CD8E3}.Debug|Any CPU.ActiveCfg = Debug|Any CPU
		{ADB30A7A-B21E-4BDB-A1C3-B1E1101CD8E3}.Debug|Any CPU.Build.0 = Debug|Any CPU
		{ADB30A7A-B21E-4BDB-A1C3-B1E1101CD8E3}.Release|Any CPU.ActiveCfg = Release|Any CPU
		{ADB30A7A-B21E-4BDB-A1C3-B1E1101CD8E3}.Release|Any CPU.Build.0 = Release|Any CPU
		{87A88234-2A16-4CAA-8EBD-39C63B3197E5}.Debug|Any CPU.ActiveCfg = Debug|Any CPU
		{87A88234-2A16-4CAA-8EBD-39C63B3197E5}.Debug|Any CPU.Build.0 = Debug|Any CPU
		{87A88234-2A16-4CAA-8EBD-39C63B3197E5}.Release|Any CPU.ActiveCfg = Release|Any CPU
		{87A88234-2A16-4CAA-8EBD-39C63B3197E5}.Release|Any CPU.Build.0 = Release|Any CPU
		{1AF58395-DF62-40D9-ABAC-4AA8FF7C794D}.Debug|Any CPU.ActiveCfg = Debug|Any CPU
		{1AF58395-DF62-40D9-ABAC-4AA8FF7C794D}.Debug|Any CPU.Build.0 = Debug|Any CPU
		{1AF58395-DF62-40D9-ABAC-4AA8FF7C794D}.Release|Any CPU.ActiveCfg = Release|Any CPU
		{1AF58395-DF62-40D9-ABAC-4AA8FF7C794D}.Release|Any CPU.Build.0 = Release|Any CPU
		{CDF27E30-3157-4B74-8CCB-9733385E0F95}.Debug|Any CPU.ActiveCfg = Debug|Any CPU
		{CDF27E30-3157-4B74-8CCB-9733385E0F95}.Debug|Any CPU.Build.0 = Debug|Any CPU
		{CDF27E30-3157-4B74-8CCB-9733385E0F95}.Release|Any CPU.ActiveCfg = Release|Any CPU
		{CDF27E30-3157-4B74-8CCB-9733385E0F95}.Release|Any CPU.Build.0 = Release|Any CPU
		{D80BAF40-F240-4BE1-8D72-50B633BE6CF6}.Debug|Any CPU.ActiveCfg = Debug|Any CPU
		{D80BAF40-F240-4BE1-8D72-50B633BE6CF6}.Debug|Any CPU.Build.0 = Debug|Any CPU
		{D80BAF40-F240-4BE1-8D72-50B633BE6CF6}.Release|Any CPU.ActiveCfg = Release|Any CPU
		{D80BAF40-F240-4BE1-8D72-50B633BE6CF6}.Release|Any CPU.Build.0 = Release|Any CPU
		{2AD31E2E-6BE3-470B-852F-B84E9BEBBC3E}.Debug|Any CPU.ActiveCfg = Debug|Any CPU
		{2AD31E2E-6BE3-470B-852F-B84E9BEBBC3E}.Debug|Any CPU.Build.0 = Debug|Any CPU
		{2AD31E2E-6BE3-470B-852F-B84E9BEBBC3E}.Release|Any CPU.ActiveCfg = Release|Any CPU
		{2AD31E2E-6BE3-470B-852F-B84E9BEBBC3E}.Release|Any CPU.Build.0 = Release|Any CPU
		{4B397E50-8840-43DA-B911-8575B1C5482D}.Debug|Any CPU.ActiveCfg = Debug|Any CPU
		{4B397E50-8840-43DA-B911-8575B1C5482D}.Debug|Any CPU.Build.0 = Debug|Any CPU
		{4B397E50-8840-43DA-B911-8575B1C5482D}.Release|Any CPU.ActiveCfg = Release|Any CPU
		{4B397E50-8840-43DA-B911-8575B1C5482D}.Release|Any CPU.Build.0 = Release|Any CPU
		{2B419A2B-34BE-4575-A41A-950AA466EF58}.Debug|Any CPU.ActiveCfg = Debug|Any CPU
		{2B419A2B-34BE-4575-A41A-950AA466EF58}.Debug|Any CPU.Build.0 = Debug|Any CPU
		{2B419A2B-34BE-4575-A41A-950AA466EF58}.Release|Any CPU.ActiveCfg = Release|Any CPU
		{2B419A2B-34BE-4575-A41A-950AA466EF58}.Release|Any CPU.Build.0 = Release|Any CPU
		{B0AFF893-3EF0-4870-B6E3-2B6CB0CD65E0}.Debug|Any CPU.ActiveCfg = Debug|Any CPU
		{B0AFF893-3EF0-4870-B6E3-2B6CB0CD65E0}.Debug|Any CPU.Build.0 = Debug|Any CPU
		{B0AFF893-3EF0-4870-B6E3-2B6CB0CD65E0}.Release|Any CPU.ActiveCfg = Release|Any CPU
		{B0AFF893-3EF0-4870-B6E3-2B6CB0CD65E0}.Release|Any CPU.Build.0 = Release|Any CPU
		{D89F538A-1E7B-4FFA-8BFA-43C686A69EAE}.Debug|Any CPU.ActiveCfg = Debug|Any CPU
		{D89F538A-1E7B-4FFA-8BFA-43C686A69EAE}.Debug|Any CPU.Build.0 = Debug|Any CPU
		{D89F538A-1E7B-4FFA-8BFA-43C686A69EAE}.Release|Any CPU.ActiveCfg = Release|Any CPU
		{D89F538A-1E7B-4FFA-8BFA-43C686A69EAE}.Release|Any CPU.Build.0 = Release|Any CPU
		{55B7FEEA-034C-4312-8E08-17ECEDE508DD}.Debug|Any CPU.ActiveCfg = Debug|Any CPU
		{55B7FEEA-034C-4312-8E08-17ECEDE508DD}.Debug|Any CPU.Build.0 = Debug|Any CPU
		{55B7FEEA-034C-4312-8E08-17ECEDE508DD}.Release|Any CPU.ActiveCfg = Release|Any CPU
		{55B7FEEA-034C-4312-8E08-17ECEDE508DD}.Release|Any CPU.Build.0 = Release|Any CPU
	EndGlobalSection
	GlobalSection(SolutionProperties) = preSolution
		HideSolutionNode = FALSE
	EndGlobalSection
	GlobalSection(NestedProjects) = preSolution
		{C9517C4A-258A-40CE-BA1C-27EDC04ED78D} = {6C8A82FC-1266-42EF-AA8B-4AEF0021A336}
		{2D0E3EB4-E838-4479-BD06-2F1DE5F3CDCC} = {8D3EDE9B-A269-4839-A427-15FCE90A782A}
		{983738CD-DDC5-463C-AE15-15D6292C3EFA} = {3807C354-E779-49D5-811A-F17F821E5A2A}
		{40647E28-1F88-4CB0-ACEC-15490F462023} = {873944DF-FB69-4356-B7F3-73C84C79EADB}
		{77C8364B-E0F4-4EBF-8160-14036B5751F4} = {4A0CC1C4-AE77-4C7B-85A4-4E32880C916C}
		{DF8F6770-80E1-42D0-B7FB-62EEA9BAC9CA} = {43DD8C98-73B6-46B7-ACB5-63F649516580}
		{DCB36343-6251-475A-A737-1F14836C1B9E} = {43DD8C98-73B6-46B7-ACB5-63F649516580}
		{17F82A59-8221-4F18-A9E8-315EA8D915FA} = {BDDA8A6C-530F-43FE-9BC6-EF28C3B3351E}
		{E7089B71-F753-49EC-849F-EE255232D2AB} = {124EB69C-C707-4106-A971-AE58C37284AD}
		{EF6FAC34-592D-45F1-A5B2-F343F01E230A} = {43DD8C98-73B6-46B7-ACB5-63F649516580}
		{A70C8536-B803-43F1-8B73-2BFA193A3C58} = {FB23448D-5F0A-488F-8344-EFFAC27987EF}
		{66656997-5F50-490E-9C8B-838E0B5A9B3F} = {FB23448D-5F0A-488F-8344-EFFAC27987EF}
		{ADB30A7A-B21E-4BDB-A1C3-B1E1101CD8E3} = {12D64DBE-7311-441F-A68F-D2D8D00A0875}
		{87A88234-2A16-4CAA-8EBD-39C63B3197E5} = {6C8A82FC-1266-42EF-AA8B-4AEF0021A336}
		{1AF58395-DF62-40D9-ABAC-4AA8FF7C794D} = {6C8A82FC-1266-42EF-AA8B-4AEF0021A336}
		{CDF27E30-3157-4B74-8CCB-9733385E0F95} = {6C8A82FC-1266-42EF-AA8B-4AEF0021A336}
		{D80BAF40-F240-4BE1-8D72-50B633BE6CF6} = {C2E2C345-92B8-4370-BF1B-F22E0E0B864C}
		{2AD31E2E-6BE3-470B-852F-B84E9BEBBC3E} = {1EC95C36-F3BD-46F5-AE6C-A5B85B949038}
		{4B397E50-8840-43DA-B911-8575B1C5482D} = {4B3D6B18-2C07-4CBA-B1A6-BEEB34983125}
		{2B419A2B-34BE-4575-A41A-950AA466EF58} = {14F0D667-AEF5-46D9-96F7-865006802C33}
		{B0AFF893-3EF0-4870-B6E3-2B6CB0CD65E0} = {C2E2C345-92B8-4370-BF1B-F22E0E0B864C}
		{D89F538A-1E7B-4FFA-8BFA-43C686A69EAE} = {CDA3396D-28FB-4377-99E3-39E079BB987A}
		{55B7FEEA-034C-4312-8E08-17ECEDE508DD} = {4B3D6B18-2C07-4CBA-B1A6-BEEB34983125}
	EndGlobalSection
	GlobalSection(ExtensibilityGlobals) = postSolution
		SolutionGuid = {F170FEA4-E2EA-4F50-988F-7DCE1305A618}
	EndGlobalSection
EndGlobal
